
Microsoft Visual Studio Solution File, Format Version 12.00
# Visual Studio Version 16
VisualStudioVersion = 16.0.31105.61
MinimumVisualStudioVersion = 10.0.40219.1
Project("{FAE04EC0-301F-11D3-BF4B-00C04F79EFBC}") = "BasicSharp", "BasicSharp\BasicSharp.csproj", "{EE73A059-52E2-4E50-B9EB-115C9A0A4AF6}"
EndProject
Project("{FAE04EC0-301F-11D3-BF4B-00C04F79EFBC}") = "BasicSharp.Test", "BasicSharp.Test\BasicSharp.Test.csproj", "{413B4EE1-BE77-4F68-8190-FD750590123A}"
	ProjectSection(ProjectDependencies) = postProject
		{EE73A059-52E2-4E50-B9EB-115C9A0A4AF6} = {EE73A059-52E2-4E50-B9EB-115C9A0A4AF6}
	EndProjectSection
EndProject
Project("{FAE04EC0-301F-11D3-BF4B-00C04F79EFBC}") = "GraphicsConsole", "GraphicsConsole\GraphicsConsole.csproj", "{40BD31F9-5617-478A-A2B3-FC437A961CA9}"
EndProject
Project("{FAE04EC0-301F-11D3-BF4B-00C04F79EFBC}") = "BasicConsole", "BasicConsole\BasicConsole.csproj", "{050AA34F-7A33-431A-ACBD-5DC6A473C8CA}"
EndProject
Project("{FAE04EC0-301F-11D3-BF4B-00C04F79EFBC}") = "GraphicsConsole.Test", "GraphicsConsole.Test\GraphicsConsole.Test.csproj", "{03F15EAD-5A5A-4492-A517-B0374DCC23AD}"
EndProject
Project("{FAE04EC0-301F-11D3-BF4B-00C04F79EFBC}") = "BASIC.FontEditor", "BASIC.FontEditor\BASIC.FontEditor.csproj", "{03C679A1-7997-4733-B045-33DA41BDF17B}"
EndProject
Project("{2150E333-8FDC-42A3-9474-1A3956D46DE8}") = "Ressourcen", "Ressourcen", "{1B3E40D6-6076-444E-A5D2-E3C4455829AC}"
	ProjectSection(SolutionItems) = preProject
		Ressources\atari.fnt = Ressources\atari.fnt
	EndProjectSection
EndProject
Project("{FAE04EC0-301F-11D3-BF4B-00C04F79EFBC}") = "MidiSynth", "MidiSynth\MidiSynth.csproj", "{342FC253-E719-40AE-B91C-20A2D29540DF}"
EndProject
Global
	GlobalSection(SolutionConfigurationPlatforms) = preSolution
		Debug|Any CPU = Debug|Any CPU
		Release|Any CPU = Release|Any CPU
	EndGlobalSection
	GlobalSection(ProjectConfigurationPlatforms) = postSolution
		{EE73A059-52E2-4E50-B9EB-115C9A0A4AF6}.Debug|Any CPU.ActiveCfg = Debug|Any CPU
		{EE73A059-52E2-4E50-B9EB-115C9A0A4AF6}.Debug|Any CPU.Build.0 = Debug|Any CPU
		{EE73A059-52E2-4E50-B9EB-115C9A0A4AF6}.Release|Any CPU.ActiveCfg = Release|Any CPU
		{413B4EE1-BE77-4F68-8190-FD750590123A}.Debug|Any CPU.ActiveCfg = Debug|Any CPU
		{413B4EE1-BE77-4F68-8190-FD750590123A}.Debug|Any CPU.Build.0 = Debug|Any CPU
		{413B4EE1-BE77-4F68-8190-FD750590123A}.Release|Any CPU.ActiveCfg = Release|Any CPU
		{413B4EE1-BE77-4F68-8190-FD750590123A}.Release|Any CPU.Build.0 = Release|Any CPU
		{40BD31F9-5617-478A-A2B3-FC437A961CA9}.Debug|Any CPU.ActiveCfg = Debug|Any CPU
		{40BD31F9-5617-478A-A2B3-FC437A961CA9}.Debug|Any CPU.Build.0 = Debug|Any CPU
		{40BD31F9-5617-478A-A2B3-FC437A961CA9}.Release|Any CPU.ActiveCfg = Release|Any CPU
		{40BD31F9-5617-478A-A2B3-FC437A961CA9}.Release|Any CPU.Build.0 = Release|Any CPU
		{050AA34F-7A33-431A-ACBD-5DC6A473C8CA}.Debug|Any CPU.ActiveCfg = Debug|Any CPU
		{050AA34F-7A33-431A-ACBD-5DC6A473C8CA}.Debug|Any CPU.Build.0 = Debug|Any CPU
		{050AA34F-7A33-431A-ACBD-5DC6A473C8CA}.Release|Any CPU.ActiveCfg = Release|Any CPU
		{050AA34F-7A33-431A-ACBD-5DC6A473C8CA}.Release|Any CPU.Build.0 = Release|Any CPU
		{03F15EAD-5A5A-4492-A517-B0374DCC23AD}.Debug|Any CPU.ActiveCfg = Debug|Any CPU
		{03F15EAD-5A5A-4492-A517-B0374DCC23AD}.Debug|Any CPU.Build.0 = Debug|Any CPU
		{03F15EAD-5A5A-4492-A517-B0374DCC23AD}.Release|Any CPU.ActiveCfg = Release|Any CPU
		{03F15EAD-5A5A-4492-A517-B0374DCC23AD}.Release|Any CPU.Build.0 = Release|Any CPU
		{03C679A1-7997-4733-B045-33DA41BDF17B}.Debug|Any CPU.ActiveCfg = Debug|Any CPU
		{03C679A1-7997-4733-B045-33DA41BDF17B}.Debug|Any CPU.Build.0 = Debug|Any CPU
		{03C679A1-7997-4733-B045-33DA41BDF17B}.Release|Any CPU.ActiveCfg = Release|Any CPU
		{03C679A1-7997-4733-B045-33DA41BDF17B}.Release|Any CPU.Build.0 = Release|Any CPU
		{342FC253-E719-40AE-B91C-20A2D29540DF}.Debug|Any CPU.ActiveCfg = Debug|Any CPU
		{342FC253-E719-40AE-B91C-20A2D29540DF}.Debug|Any CPU.Build.0 = Debug|Any CPU
		{342FC253-E719-40AE-B91C-20A2D29540DF}.Release|Any CPU.ActiveCfg = Release|Any CPU
		{342FC253-E719-40AE-B91C-20A2D29540DF}.Release|Any CPU.Build.0 = Release|Any CPU
	EndGlobalSection
	GlobalSection(SolutionProperties) = preSolution
		HideSolutionNode = FALSE
	EndGlobalSection
	GlobalSection(ExtensibilityGlobals) = postSolution
		SolutionGuid = {27D9D8AC-E8A6-4CCE-819D-E44E0235BB64}
	EndGlobalSection
	GlobalSection(MonoDevelopProperties) = preSolution
		StartupItem = BasicSharp.Test\BasicSharp.Test.csproj
	EndGlobalSection
EndGlobal
